
Microsoft Visual Studio Solution File, Format Version 12.00
# Visual Studio Version 17
VisualStudioVersion = 17.5.33414.496
MinimumVisualStudioVersion = 10.0.40219.1
Project("{FAE04EC0-301F-11D3-BF4B-00C04F79EFBC}") = "Practises", "Practises\Practises.csproj", "{4EAA9C19-C55C-4D85-9759-2F17737ABB94}"
EndProject
Project("{FAE04EC0-301F-11D3-BF4B-00C04F79EFBC}") = "CustomSortCompator", "CustomSortCompator\CustomSortCompator.csproj", "{12848B61-2D1D-4214-95AA-AA9996B524B8}"
EndProject
Global
	GlobalSection(SolutionConfigurationPlatforms) = preSolution
		Debug|Any CPU = Debug|Any CPU
		Release|Any CPU = Release|Any CPU
	EndGlobalSection
	GlobalSection(ProjectConfigurationPlatforms) = postSolution
		{4EAA9C19-C55C-4D85-9759-2F17737ABB94}.Debug|Any CPU.ActiveCfg = Debug|Any CPU
		{4EAA9C19-C55C-4D85-9759-2F17737ABB94}.Debug|Any CPU.Build.0 = Debug|Any CPU
		{4EAA9C19-C55C-4D85-9759-2F17737ABB94}.Release|Any CPU.ActiveCfg = Release|Any CPU
		{4EAA9C19-C55C-4D85-9759-2F17737ABB94}.Release|Any CPU.Build.0 = Release|Any CPU
		{12848B61-2D1D-4214-95AA-AA9996B524B8}.Debug|Any CPU.ActiveCfg = Debug|Any CPU
		{12848B61-2D1D-4214-95AA-AA9996B524B8}.Debug|Any CPU.Build.0 = Debug|Any CPU
		{12848B61-2D1D-4214-95AA-AA9996B524B8}.Release|Any CPU.ActiveCfg = Release|Any CPU
		{12848B61-2D1D-4214-95AA-AA9996B524B8}.Release|Any CPU.Build.0 = Release|Any CPU
	EndGlobalSection
	GlobalSection(SolutionProperties) = preSolution
		HideSolutionNode = FALSE
	EndGlobalSection
	GlobalSection(ExtensibilityGlobals) = postSolution
		SolutionGuid = {D9657303-67EC-42D0-8238-701C71D28A63}
	EndGlobalSection
EndGlobal
