
Microsoft Visual Studio Solution File, Format Version 12.00
# Visual Studio Version 17
VisualStudioVersion = 17.5.33414.496
MinimumVisualStudioVersion = 10.0.40219.1
Project("{9A19103F-16F7-4668-BE54-9A1E7A4F7556}") = "01. Vehicles", "01. Vehicles\01. Vehicles.csproj", "{186BA971-DAD7-40AA-9E8F-9C7A07126547}"
EndProject
Project("{9A19103F-16F7-4668-BE54-9A1E7A4F7556}") = "03. Raiding", "03. Raiding\03. Raiding.csproj", "{FB2C005D-9676-4EB9-B426-86D14C3AAEEC}"
EndProject
Project("{FAE04EC0-301F-11D3-BF4B-00C04F79EFBC}") = "04. Wild Farm", "04. Wild Farm\04. Wild Farm.csproj", "{436DC9D7-2611-4250-9D96-3EE9D02532B7}"
EndProject
Global
	GlobalSection(SolutionConfigurationPlatforms) = preSolution
		Debug|Any CPU = Debug|Any CPU
		Release|Any CPU = Release|Any CPU
	EndGlobalSection
	GlobalSection(ProjectConfigurationPlatforms) = postSolution
		{186BA971-DAD7-40AA-9E8F-9C7A07126547}.Debug|Any CPU.ActiveCfg = Debug|Any CPU
		{186BA971-DAD7-40AA-9E8F-9C7A07126547}.Debug|Any CPU.Build.0 = Debug|Any CPU
		{186BA971-DAD7-40AA-9E8F-9C7A07126547}.Release|Any CPU.ActiveCfg = Release|Any CPU
		{186BA971-DAD7-40AA-9E8F-9C7A07126547}.Release|Any CPU.Build.0 = Release|Any CPU
		{FB2C005D-9676-4EB9-B426-86D14C3AAEEC}.Debug|Any CPU.ActiveCfg = Debug|Any CPU
		{FB2C005D-9676-4EB9-B426-86D14C3AAEEC}.Debug|Any CPU.Build.0 = Debug|Any CPU
		{FB2C005D-9676-4EB9-B426-86D14C3AAEEC}.Release|Any CPU.ActiveCfg = Release|Any CPU
		{FB2C005D-9676-4EB9-B426-86D14C3AAEEC}.Release|Any CPU.Build.0 = Release|Any CPU
		{436DC9D7-2611-4250-9D96-3EE9D02532B7}.Debug|Any CPU.ActiveCfg = Debug|Any CPU
		{436DC9D7-2611-4250-9D96-3EE9D02532B7}.Debug|Any CPU.Build.0 = Debug|Any CPU
		{436DC9D7-2611-4250-9D96-3EE9D02532B7}.Release|Any CPU.ActiveCfg = Release|Any CPU
		{436DC9D7-2611-4250-9D96-3EE9D02532B7}.Release|Any CPU.Build.0 = Release|Any CPU
	EndGlobalSection
	GlobalSection(SolutionProperties) = preSolution
		HideSolutionNode = FALSE
	EndGlobalSection
	GlobalSection(ExtensibilityGlobals) = postSolution
		SolutionGuid = {2AA2FB61-4E73-4F4F-A1D4-1B3A6EE52CB7}
	EndGlobalSection
EndGlobal
