
Microsoft Visual Studio Solution File, Format Version 12.00
# Visual Studio Version 17
VisualStudioVersion = 17.5.33414.496
MinimumVisualStudioVersion = 10.0.40219.1
Project("{9A19103F-16F7-4668-BE54-9A1E7A4F7556}") = "01. Shapes", "01. Shapes\01. Shapes.csproj", "{FC4F7BAC-4B86-4E97-850C-6A379DB68FF8}"
EndProject
Project("{FAE04EC0-301F-11D3-BF4B-00C04F79EFBC}") = "Cars", "Cars\Cars.csproj", "{BB80F5EB-521C-456E-8197-8E1881109326}"
EndProject
Global
	GlobalSection(SolutionConfigurationPlatforms) = preSolution
		Debug|Any CPU = Debug|Any CPU
		Release|Any CPU = Release|Any CPU
	EndGlobalSection
	GlobalSection(ProjectConfigurationPlatforms) = postSolution
		{FC4F7BAC-4B86-4E97-850C-6A379DB68FF8}.Debug|Any CPU.ActiveCfg = Debug|Any CPU
		{FC4F7BAC-4B86-4E97-850C-6A379DB68FF8}.Debug|Any CPU.Build.0 = Debug|Any CPU
		{FC4F7BAC-4B86-4E97-850C-6A379DB68FF8}.Release|Any CPU.ActiveCfg = Release|Any CPU
		{FC4F7BAC-4B86-4E97-850C-6A379DB68FF8}.Release|Any CPU.Build.0 = Release|Any CPU
		{BB80F5EB-521C-456E-8197-8E1881109326}.Debug|Any CPU.ActiveCfg = Debug|Any CPU
		{BB80F5EB-521C-456E-8197-8E1881109326}.Debug|Any CPU.Build.0 = Debug|Any CPU
		{BB80F5EB-521C-456E-8197-8E1881109326}.Release|Any CPU.ActiveCfg = Release|Any CPU
		{BB80F5EB-521C-456E-8197-8E1881109326}.Release|Any CPU.Build.0 = Release|Any CPU
	EndGlobalSection
	GlobalSection(SolutionProperties) = preSolution
		HideSolutionNode = FALSE
	EndGlobalSection
	GlobalSection(ExtensibilityGlobals) = postSolution
		SolutionGuid = {FA39FD15-C6B0-4831-B4BB-082B033A9417}
	EndGlobalSection
EndGlobal
