
Microsoft Visual Studio Solution File, Format Version 12.00
# Visual Studio Version 17
VisualStudioVersion = 17.5.33414.496
MinimumVisualStudioVersion = 10.0.40219.1
Project("{9A19103F-16F7-4668-BE54-9A1E7A4F7556}") = "01. Easter Prize", "FiboncaiiSequnce\01. Easter Prize.csproj", "{DD9B0A90-1620-42CE-A088-38064AF70B57}"
EndProject
Project("{FAE04EC0-301F-11D3-BF4B-00C04F79EFBC}") = "02. Easter Eggs", "02. Easter Eggs\02. Easter Eggs.csproj", "{40B8EA17-C39D-4858-9E0D-069EFBC495FB}"
EndProject
Global
	GlobalSection(SolutionConfigurationPlatforms) = preSolution
		Debug|Any CPU = Debug|Any CPU
		Release|Any CPU = Release|Any CPU
	EndGlobalSection
	GlobalSection(ProjectConfigurationPlatforms) = postSolution
		{DD9B0A90-1620-42CE-A088-38064AF70B57}.Debug|Any CPU.ActiveCfg = Debug|Any CPU
		{DD9B0A90-1620-42CE-A088-38064AF70B57}.Debug|Any CPU.Build.0 = Debug|Any CPU
		{DD9B0A90-1620-42CE-A088-38064AF70B57}.Release|Any CPU.ActiveCfg = Release|Any CPU
		{DD9B0A90-1620-42CE-A088-38064AF70B57}.Release|Any CPU.Build.0 = Release|Any CPU
		{40B8EA17-C39D-4858-9E0D-069EFBC495FB}.Debug|Any CPU.ActiveCfg = Debug|Any CPU
		{40B8EA17-C39D-4858-9E0D-069EFBC495FB}.Debug|Any CPU.Build.0 = Debug|Any CPU
		{40B8EA17-C39D-4858-9E0D-069EFBC495FB}.Release|Any CPU.ActiveCfg = Release|Any CPU
		{40B8EA17-C39D-4858-9E0D-069EFBC495FB}.Release|Any CPU.Build.0 = Release|Any CPU
	EndGlobalSection
	GlobalSection(SolutionProperties) = preSolution
		HideSolutionNode = FALSE
	EndGlobalSection
	GlobalSection(ExtensibilityGlobals) = postSolution
		SolutionGuid = {A3E8B429-7282-411F-8BC1-54465974E919}
	EndGlobalSection
EndGlobal
