
Microsoft Visual Studio Solution File, Format Version 12.00
# Visual Studio Version 17
VisualStudioVersion = 17.5.33414.496
MinimumVisualStudioVersion = 10.0.40219.1
Project("{FAE04EC0-301F-11D3-BF4B-00C04F79EFBC}") = "SOLID-Workshop", "SOLID-Workshop\SOLID-Workshop.csproj", "{7105B220-E130-4719-BB3A-596169BA9A7A}"
EndProject
Project("{FAE04EC0-301F-11D3-BF4B-00C04F79EFBC}") = "Inheritance-List", "Inheritance-List\Inheritance-List.csproj", "{4D9DC26C-3B0D-4F51-9821-0DE2D2B67B38}"
EndProject
Global
	GlobalSection(SolutionConfigurationPlatforms) = preSolution
		Debug|Any CPU = Debug|Any CPU
		Release|Any CPU = Release|Any CPU
	EndGlobalSection
	GlobalSection(ProjectConfigurationPlatforms) = postSolution
		{7105B220-E130-4719-BB3A-596169BA9A7A}.Debug|Any CPU.ActiveCfg = Debug|Any CPU
		{7105B220-E130-4719-BB3A-596169BA9A7A}.Debug|Any CPU.Build.0 = Debug|Any CPU
		{7105B220-E130-4719-BB3A-596169BA9A7A}.Release|Any CPU.ActiveCfg = Release|Any CPU
		{7105B220-E130-4719-BB3A-596169BA9A7A}.Release|Any CPU.Build.0 = Release|Any CPU
		{4D9DC26C-3B0D-4F51-9821-0DE2D2B67B38}.Debug|Any CPU.ActiveCfg = Debug|Any CPU
		{4D9DC26C-3B0D-4F51-9821-0DE2D2B67B38}.Debug|Any CPU.Build.0 = Debug|Any CPU
		{4D9DC26C-3B0D-4F51-9821-0DE2D2B67B38}.Release|Any CPU.ActiveCfg = Release|Any CPU
		{4D9DC26C-3B0D-4F51-9821-0DE2D2B67B38}.Release|Any CPU.Build.0 = Release|Any CPU
	EndGlobalSection
	GlobalSection(SolutionProperties) = preSolution
		HideSolutionNode = FALSE
	EndGlobalSection
	GlobalSection(ExtensibilityGlobals) = postSolution
		SolutionGuid = {7E660E6A-7A00-4856-AB45-AC9BE5E5C4A1}
	EndGlobalSection
EndGlobal
