
Microsoft Visual Studio Solution File, Format Version 12.00
# Visual Studio Version 17
VisualStudioVersion = 17.5.33414.496
MinimumVisualStudioVersion = 10.0.40219.1
Project("{FAE04EC0-301F-11D3-BF4B-00C04F79EFBC}") = "BinaryTree", "BinaryTree\BinaryTree.csproj", "{F8F84218-8DF6-4F11-9842-8C73AA1E74CD}"
EndProject
Global
	GlobalSection(SolutionConfigurationPlatforms) = preSolution
		Debug|Any CPU = Debug|Any CPU
		Release|Any CPU = Release|Any CPU
	EndGlobalSection
	GlobalSection(ProjectConfigurationPlatforms) = postSolution
		{F8F84218-8DF6-4F11-9842-8C73AA1E74CD}.Debug|Any CPU.ActiveCfg = Debug|Any CPU
		{F8F84218-8DF6-4F11-9842-8C73AA1E74CD}.Debug|Any CPU.Build.0 = Debug|Any CPU
		{F8F84218-8DF6-4F11-9842-8C73AA1E74CD}.Release|Any CPU.ActiveCfg = Release|Any CPU
		{F8F84218-8DF6-4F11-9842-8C73AA1E74CD}.Release|Any CPU.Build.0 = Release|Any CPU
	EndGlobalSection
	GlobalSection(SolutionProperties) = preSolution
		HideSolutionNode = FALSE
	EndGlobalSection
	GlobalSection(ExtensibilityGlobals) = postSolution
		SolutionGuid = {8A219C42-00F5-4393-A54D-67A43616F257}
	EndGlobalSection
EndGlobal
