
Microsoft Visual Studio Solution File, Format Version 12.00
# Visual Studio Version 17
VisualStudioVersion = 17.5.33414.496
MinimumVisualStudioVersion = 10.0.40219.1
Project("{9A19103F-16F7-4668-BE54-9A1E7A4F7556}") = "01. Square Root", "01. Square Root\01. Square Root.csproj", "{2AC7E72E-B3F4-4CE1-9AC7-0BAB059504F9}"
EndProject
Project("{9A19103F-16F7-4668-BE54-9A1E7A4F7556}") = "02. Enter Numbers", "02. Enter Numbers\02. Enter Numbers.csproj", "{963B0B08-DFB1-4B5E-83BA-FFC67723CB9B}"
EndProject
Project("{9A19103F-16F7-4668-BE54-9A1E7A4F7556}") = "03. Cards", "03. Cards\03. Cards.csproj", "{A72E9622-0BCB-4E52-8827-54D6B5F0C73F}"
EndProject
Project("{9A19103F-16F7-4668-BE54-9A1E7A4F7556}") = "04. Sum of Integers", "04. Sum of Integers\04. Sum of Integers.csproj", "{48D4F6D3-4622-4761-A877-B5204819BE46}"
EndProject
Project("{9A19103F-16F7-4668-BE54-9A1E7A4F7556}") = "05. Play Catch", "05. Play Catch\05. Play Catch.csproj", "{4D83E376-C037-44B2-8B0B-E2B2BD381A41}"
EndProject
Project("{9A19103F-16F7-4668-BE54-9A1E7A4F7556}") = "06. Money Transactions", "06. Money Transactions\06. Money Transactions.csproj", "{9938D3ED-2C9C-4304-AA70-E422279ED68F}"
EndProject
Project("{FAE04EC0-301F-11D3-BF4B-00C04F79EFBC}") = "07.Debugging Technigue", "07.Debugging Technigue\07.Debugging Technigue.csproj", "{A9B9D285-A7A3-49A2-B3A1-CB9B8E4E0F7D}"
EndProject
Global
	GlobalSection(SolutionConfigurationPlatforms) = preSolution
		Debug|Any CPU = Debug|Any CPU
		Release|Any CPU = Release|Any CPU
	EndGlobalSection
	GlobalSection(ProjectConfigurationPlatforms) = postSolution
		{2AC7E72E-B3F4-4CE1-9AC7-0BAB059504F9}.Debug|Any CPU.ActiveCfg = Debug|Any CPU
		{2AC7E72E-B3F4-4CE1-9AC7-0BAB059504F9}.Debug|Any CPU.Build.0 = Debug|Any CPU
		{2AC7E72E-B3F4-4CE1-9AC7-0BAB059504F9}.Release|Any CPU.ActiveCfg = Release|Any CPU
		{2AC7E72E-B3F4-4CE1-9AC7-0BAB059504F9}.Release|Any CPU.Build.0 = Release|Any CPU
		{963B0B08-DFB1-4B5E-83BA-FFC67723CB9B}.Debug|Any CPU.ActiveCfg = Debug|Any CPU
		{963B0B08-DFB1-4B5E-83BA-FFC67723CB9B}.Debug|Any CPU.Build.0 = Debug|Any CPU
		{963B0B08-DFB1-4B5E-83BA-FFC67723CB9B}.Release|Any CPU.ActiveCfg = Release|Any CPU
		{963B0B08-DFB1-4B5E-83BA-FFC67723CB9B}.Release|Any CPU.Build.0 = Release|Any CPU
		{A72E9622-0BCB-4E52-8827-54D6B5F0C73F}.Debug|Any CPU.ActiveCfg = Debug|Any CPU
		{A72E9622-0BCB-4E52-8827-54D6B5F0C73F}.Debug|Any CPU.Build.0 = Debug|Any CPU
		{A72E9622-0BCB-4E52-8827-54D6B5F0C73F}.Release|Any CPU.ActiveCfg = Release|Any CPU
		{A72E9622-0BCB-4E52-8827-54D6B5F0C73F}.Release|Any CPU.Build.0 = Release|Any CPU
		{48D4F6D3-4622-4761-A877-B5204819BE46}.Debug|Any CPU.ActiveCfg = Debug|Any CPU
		{48D4F6D3-4622-4761-A877-B5204819BE46}.Debug|Any CPU.Build.0 = Debug|Any CPU
		{48D4F6D3-4622-4761-A877-B5204819BE46}.Release|Any CPU.ActiveCfg = Release|Any CPU
		{48D4F6D3-4622-4761-A877-B5204819BE46}.Release|Any CPU.Build.0 = Release|Any CPU
		{4D83E376-C037-44B2-8B0B-E2B2BD381A41}.Debug|Any CPU.ActiveCfg = Debug|Any CPU
		{4D83E376-C037-44B2-8B0B-E2B2BD381A41}.Debug|Any CPU.Build.0 = Debug|Any CPU
		{4D83E376-C037-44B2-8B0B-E2B2BD381A41}.Release|Any CPU.ActiveCfg = Release|Any CPU
		{4D83E376-C037-44B2-8B0B-E2B2BD381A41}.Release|Any CPU.Build.0 = Release|Any CPU
		{9938D3ED-2C9C-4304-AA70-E422279ED68F}.Debug|Any CPU.ActiveCfg = Debug|Any CPU
		{9938D3ED-2C9C-4304-AA70-E422279ED68F}.Debug|Any CPU.Build.0 = Debug|Any CPU
		{9938D3ED-2C9C-4304-AA70-E422279ED68F}.Release|Any CPU.ActiveCfg = Release|Any CPU
		{9938D3ED-2C9C-4304-AA70-E422279ED68F}.Release|Any CPU.Build.0 = Release|Any CPU
		{A9B9D285-A7A3-49A2-B3A1-CB9B8E4E0F7D}.Debug|Any CPU.ActiveCfg = Debug|Any CPU
		{A9B9D285-A7A3-49A2-B3A1-CB9B8E4E0F7D}.Debug|Any CPU.Build.0 = Debug|Any CPU
		{A9B9D285-A7A3-49A2-B3A1-CB9B8E4E0F7D}.Release|Any CPU.ActiveCfg = Release|Any CPU
		{A9B9D285-A7A3-49A2-B3A1-CB9B8E4E0F7D}.Release|Any CPU.Build.0 = Release|Any CPU
	EndGlobalSection
	GlobalSection(SolutionProperties) = preSolution
		HideSolutionNode = FALSE
	EndGlobalSection
	GlobalSection(ExtensibilityGlobals) = postSolution
		SolutionGuid = {9F5F5C05-B567-4678-A6D3-0089D5120BF7}
	EndGlobalSection
EndGlobal
