
Microsoft Visual Studio Solution File, Format Version 12.00
# Visual Studio Version 17
VisualStudioVersion = 17.5.33414.496
MinimumVisualStudioVersion = 10.0.40219.1
Project("{9A19103F-16F7-4668-BE54-9A1E7A4F7556}") = "GroupsWithEqualSum", "GroupsWithEqualSum\GroupsWithEqualSum.csproj", "{823AF08E-7332-42F8-8074-1209F97ED0D0}"
EndProject
Project("{FAE04EC0-301F-11D3-BF4B-00C04F79EFBC}") = "GanchevSequnce", "GanchevSequnce\GanchevSequnce.csproj", "{2EFB5932-C63C-4178-AC3A-DCBCB8FD0F80}"
EndProject
Global
	GlobalSection(SolutionConfigurationPlatforms) = preSolution
		Debug|Any CPU = Debug|Any CPU
		Release|Any CPU = Release|Any CPU
	EndGlobalSection
	GlobalSection(ProjectConfigurationPlatforms) = postSolution
		{823AF08E-7332-42F8-8074-1209F97ED0D0}.Debug|Any CPU.ActiveCfg = Debug|Any CPU
		{823AF08E-7332-42F8-8074-1209F97ED0D0}.Debug|Any CPU.Build.0 = Debug|Any CPU
		{823AF08E-7332-42F8-8074-1209F97ED0D0}.Release|Any CPU.ActiveCfg = Release|Any CPU
		{823AF08E-7332-42F8-8074-1209F97ED0D0}.Release|Any CPU.Build.0 = Release|Any CPU
		{2EFB5932-C63C-4178-AC3A-DCBCB8FD0F80}.Debug|Any CPU.ActiveCfg = Debug|Any CPU
		{2EFB5932-C63C-4178-AC3A-DCBCB8FD0F80}.Debug|Any CPU.Build.0 = Debug|Any CPU
		{2EFB5932-C63C-4178-AC3A-DCBCB8FD0F80}.Release|Any CPU.ActiveCfg = Release|Any CPU
		{2EFB5932-C63C-4178-AC3A-DCBCB8FD0F80}.Release|Any CPU.Build.0 = Release|Any CPU
	EndGlobalSection
	GlobalSection(SolutionProperties) = preSolution
		HideSolutionNode = FALSE
	EndGlobalSection
	GlobalSection(ExtensibilityGlobals) = postSolution
		SolutionGuid = {EE68FC17-F77A-4050-B40B-022F593B0967}
	EndGlobalSection
EndGlobal
